
Microsoft Visual Studio Solution File, Format Version 12.00
# Visual Studio Version 17
VisualStudioVersion = 17.9.34701.34
MinimumVisualStudioVersion = 10.0.40219.1
Project("{888888A0-9F3D-457C-B088-3A5042F75D52}") = "BottleWebProject_C122_KOAK", "BottleWebProject_C122_KOAK\BottleWebProject_C122_KOAK.pyproj", "{E4555BB0-E58F-420D-810A-24FE3F3429C2}"
EndProject
Global
	GlobalSection(SolutionConfigurationPlatforms) = preSolution
		Debug|Any CPU = Debug|Any CPU
		Release|Any CPU = Release|Any CPU
	EndGlobalSection
	GlobalSection(ProjectConfigurationPlatforms) = postSolution
		{E4555BB0-E58F-420D-810A-24FE3F3429C2}.Debug|Any CPU.ActiveCfg = Debug|Any CPU
		{E4555BB0-E58F-420D-810A-24FE3F3429C2}.Debug|Any CPU.Build.0 = Debug|Any CPU
		{E4555BB0-E58F-420D-810A-24FE3F3429C2}.Release|Any CPU.ActiveCfg = Release|Any CPU
		{E4555BB0-E58F-420D-810A-24FE3F3429C2}.Release|Any CPU.Build.0 = Release|Any CPU
	EndGlobalSection
	GlobalSection(SolutionProperties) = preSolution
		HideSolutionNode = FALSE
	EndGlobalSection
	GlobalSection(ExtensibilityGlobals) = postSolution
		SolutionGuid = {34280ED9-32F6-46A0-985E-02B5EEECB0E2}
	EndGlobalSection
EndGlobal
